
Microsoft Visual Studio Solution File, Format Version 12.00
# Visual Studio Version 17
VisualStudioVersion = 17.11.35431.28
MinimumVisualStudioVersion = 10.0.40219.1
Project("{FAE04EC0-301F-11D3-BF4B-00C04F79EFBC}") = "Week5LogicalOperators", "Week5LogicalOperators\Week5LogicalOperators.csproj", "{5F6451D1-FE7C-490D-B9AD-DF878B62BD9B}"
EndProject
Project("{FAE04EC0-301F-11D3-BF4B-00C04F79EFBC}") = "ANDOperator", "ANDOperator\ANDOperator.csproj", "{EADCC70E-C69F-426F-9AB4-A622EDCC63C8}"
EndProject
Project("{FAE04EC0-301F-11D3-BF4B-00C04F79EFBC}") = "OROperator", "OROperator\OROperator.csproj", "{31E95695-7AF2-4D8C-B2CB-0F8A7EF25801}"
EndProject
Project("{FAE04EC0-301F-11D3-BF4B-00C04F79EFBC}") = "ANDRanges", "ANDRanges\ANDRanges.csproj", "{7D1C31A7-D461-4929-8A10-4626C9FEB84C}"
EndProject
Global
	GlobalSection(SolutionConfigurationPlatforms) = preSolution
		Debug|Any CPU = Debug|Any CPU
		Release|Any CPU = Release|Any CPU
	EndGlobalSection
	GlobalSection(ProjectConfigurationPlatforms) = postSolution
		{5F6451D1-FE7C-490D-B9AD-DF878B62BD9B}.Debug|Any CPU.ActiveCfg = Debug|Any CPU
		{5F6451D1-FE7C-490D-B9AD-DF878B62BD9B}.Debug|Any CPU.Build.0 = Debug|Any CPU
		{5F6451D1-FE7C-490D-B9AD-DF878B62BD9B}.Release|Any CPU.ActiveCfg = Release|Any CPU
		{5F6451D1-FE7C-490D-B9AD-DF878B62BD9B}.Release|Any CPU.Build.0 = Release|Any CPU
		{EADCC70E-C69F-426F-9AB4-A622EDCC63C8}.Debug|Any CPU.ActiveCfg = Debug|Any CPU
		{EADCC70E-C69F-426F-9AB4-A622EDCC63C8}.Debug|Any CPU.Build.0 = Debug|Any CPU
		{EADCC70E-C69F-426F-9AB4-A622EDCC63C8}.Release|Any CPU.ActiveCfg = Release|Any CPU
		{EADCC70E-C69F-426F-9AB4-A622EDCC63C8}.Release|Any CPU.Build.0 = Release|Any CPU
		{31E95695-7AF2-4D8C-B2CB-0F8A7EF25801}.Debug|Any CPU.ActiveCfg = Debug|Any CPU
		{31E95695-7AF2-4D8C-B2CB-0F8A7EF25801}.Debug|Any CPU.Build.0 = Debug|Any CPU
		{31E95695-7AF2-4D8C-B2CB-0F8A7EF25801}.Release|Any CPU.ActiveCfg = Release|Any CPU
		{31E95695-7AF2-4D8C-B2CB-0F8A7EF25801}.Release|Any CPU.Build.0 = Release|Any CPU
		{7D1C31A7-D461-4929-8A10-4626C9FEB84C}.Debug|Any CPU.ActiveCfg = Debug|Any CPU
		{7D1C31A7-D461-4929-8A10-4626C9FEB84C}.Debug|Any CPU.Build.0 = Debug|Any CPU
		{7D1C31A7-D461-4929-8A10-4626C9FEB84C}.Release|Any CPU.ActiveCfg = Release|Any CPU
		{7D1C31A7-D461-4929-8A10-4626C9FEB84C}.Release|Any CPU.Build.0 = Release|Any CPU
	EndGlobalSection
	GlobalSection(SolutionProperties) = preSolution
		HideSolutionNode = FALSE
	EndGlobalSection
	GlobalSection(ExtensibilityGlobals) = postSolution
		SolutionGuid = {083774F5-231C-4F1D-ABF9-153B29D3D4F3}
	EndGlobalSection
EndGlobal
